
Microsoft Visual Studio Solution File, Format Version 12.00
# Visual Studio Version 17
VisualStudioVersion = 17.9.34622.214
MinimumVisualStudioVersion = 10.0.40219.1
Project("{9A19103F-16F7-4668-BE54-9A1E7A4F7556}") = "CB.Application", "src\CB.Application\CB.Application.csproj", "{7FA6AE7B-EC31-4CBB-8495-08AFF4C5259E}"
EndProject
Project("{2150E333-8FDC-42A3-9474-1A3956D46DE8}") = "src", "src", "{184563CD-8519-453E-9E2F-B5A0395D38BB}"
EndProject
Project("{2150E333-8FDC-42A3-9474-1A3956D46DE8}") = "Solution Items", "Solution Items", "{C2E831FB-0C8F-40C3-B914-265A40011CB2}"
	ProjectSection(SolutionItems) = preProject
		.dockerignore = .dockerignore
		.editorconfig = .editorconfig
		.gitignore = .gitignore
		Directory.Build.props = Directory.Build.props
		Directory.Packages.props = Directory.Packages.props
		Dockerfile = Dockerfile
		global.json = global.json
		README.md = README.md
	EndProjectSection
EndProject
Project("{9A19103F-16F7-4668-BE54-9A1E7A4F7556}") = "CB.Domain", "src\CB.Domain\CB.Domain.csproj", "{3E4A95D3-8EB8-47AB-8020-116CF5B317C7}"
EndProject
Project("{9A19103F-16F7-4668-BE54-9A1E7A4F7556}") = "CB.Infrastructure", "src\CB.Infrastructure\CB.Infrastructure.csproj", "{73981B45-173A-4950-B9FE-507757CCE751}"
EndProject
Global
	GlobalSection(SolutionConfigurationPlatforms) = preSolution
		Debug|Any CPU = Debug|Any CPU
		Release|Any CPU = Release|Any CPU
	EndGlobalSection
	GlobalSection(ProjectConfigurationPlatforms) = postSolution
		{7FA6AE7B-EC31-4CBB-8495-08AFF4C5259E}.Debug|Any CPU.ActiveCfg = Debug|Any CPU
		{7FA6AE7B-EC31-4CBB-8495-08AFF4C5259E}.Debug|Any CPU.Build.0 = Debug|Any CPU
		{7FA6AE7B-EC31-4CBB-8495-08AFF4C5259E}.Release|Any CPU.ActiveCfg = Release|Any CPU
		{7FA6AE7B-EC31-4CBB-8495-08AFF4C5259E}.Release|Any CPU.Build.0 = Release|Any CPU
		{3E4A95D3-8EB8-47AB-8020-116CF5B317C7}.Debug|Any CPU.ActiveCfg = Debug|Any CPU
		{3E4A95D3-8EB8-47AB-8020-116CF5B317C7}.Debug|Any CPU.Build.0 = Debug|Any CPU
		{3E4A95D3-8EB8-47AB-8020-116CF5B317C7}.Release|Any CPU.ActiveCfg = Release|Any CPU
		{3E4A95D3-8EB8-47AB-8020-116CF5B317C7}.Release|Any CPU.Build.0 = Release|Any CPU
		{73981B45-173A-4950-B9FE-507757CCE751}.Debug|Any CPU.ActiveCfg = Debug|Any CPU
		{73981B45-173A-4950-B9FE-507757CCE751}.Debug|Any CPU.Build.0 = Debug|Any CPU
		{73981B45-173A-4950-B9FE-507757CCE751}.Release|Any CPU.ActiveCfg = Release|Any CPU
		{73981B45-173A-4950-B9FE-507757CCE751}.Release|Any CPU.Build.0 = Release|Any CPU
	EndGlobalSection
	GlobalSection(SolutionProperties) = preSolution
		HideSolutionNode = FALSE
	EndGlobalSection
	GlobalSection(NestedProjects) = preSolution
		{7FA6AE7B-EC31-4CBB-8495-08AFF4C5259E} = {184563CD-8519-453E-9E2F-B5A0395D38BB}
		{3E4A95D3-8EB8-47AB-8020-116CF5B317C7} = {184563CD-8519-453E-9E2F-B5A0395D38BB}
		{73981B45-173A-4950-B9FE-507757CCE751} = {184563CD-8519-453E-9E2F-B5A0395D38BB}
	EndGlobalSection
	GlobalSection(ExtensibilityGlobals) = postSolution
		SolutionGuid = {23A933CD-6493-4794-A647-63C248EE4AE7}
	EndGlobalSection
EndGlobal
